// !$*UTF8*$!
{
	archiveVersion = 1;
	classes = {
	};
	objectVersion = 50;
	objects = {

/* Begin PBXBuildFile section */
		240BB28F22E2AD2C00F42A66 /* NavigationController.swift in Sources */ = {isa = PBXBuildFile; fileRef = 240BB28E22E2AD2C00F42A66 /* NavigationController.swift */; };
		240BB29122E2B47600F42A66 /* DelegateViewController.swift in Sources */ = {isa = PBXBuildFile; fileRef = 240BB29022E2B47600F42A66 /* DelegateViewController.swift */; };
		240BB29522E34F8800F42A66 /* ObservableViewController.swift in Sources */ = {isa = PBXBuildFile; fileRef = 240BB29422E34F8800F42A66 /* ObservableViewController.swift */; };
		24C7E13E22DF799B006B3B4B /* AppDelegate.swift in Sources */ = {isa = PBXBuildFile; fileRef = 24C7E13D22DF799B006B3B4B /* AppDelegate.swift */; };
		24C7E14022DF799B006B3B4B /* ViewController.swift in Sources */ = {isa = PBXBuildFile; fileRef = 24C7E13F22DF799B006B3B4B /* ViewController.swift */; };
		24C7E14322DF799B006B3B4B /* Main.storyboard in Resources */ = {isa = PBXBuildFile; fileRef = 24C7E14122DF799B006B3B4B /* Main.storyboard */; };
		24C7E14522DF799D006B3B4B /* Assets.xcassets in Resources */ = {isa = PBXBuildFile; fileRef = 24C7E14422DF799D006B3B4B /* Assets.xcassets */; };
		24C7E14822DF799D006B3B4B /* LaunchScreen.storyboard in Resources */ = {isa = PBXBuildFile; fileRef = 24C7E14622DF799D006B3B4B /* LaunchScreen.storyboard */; };
		24C7E15322DF7F55006B3B4B /* Constants.swift in Sources */ = {isa = PBXBuildFile; fileRef = 24C7E15222DF7F55006B3B4B /* Constants.swift */; };
		24F57FAB22E13FAC00FCF55C /* CategoryCore.xcdatamodeld in Sources */ = {isa = PBXBuildFile; fileRef = 24F57FA922E13FAC00FCF55C /* CategoryCore.xcdatamodeld */; };
		24FA659F22E76589008AA8AD /* response.json in Resources */ = {isa = PBXBuildFile; fileRef = 24FA659E22E76589008AA8AD /* response.json */; };
		8DD14D32208EA5D31B0D16AE /* Pods_Nextgen1.framework in Frameworks */ = {isa = PBXBuildFile; fileRef = 2F9C716552C9F2AA0D89823D /* Pods_Nextgen1.framework */; };
/* End PBXBuildFile section */

/* Begin PBXFileReference section */
		1D423E962E0470E60EDF0636 /* Pods-Nextgen1.release.xcconfig */ = {isa = PBXFileReference; includeInIndex = 1; lastKnownFileType = text.xcconfig; name = "Pods-Nextgen1.release.xcconfig"; path = "Target Support Files/Pods-Nextgen1/Pods-Nextgen1.release.xcconfig"; sourceTree = "<group>"; };
		240BB28E22E2AD2C00F42A66 /* NavigationController.swift */ = {isa = PBXFileReference; lastKnownFileType = sourcecode.swift; path = NavigationController.swift; sourceTree = "<group>"; };
		240BB29022E2B47600F42A66 /* DelegateViewController.swift */ = {isa = PBXFileReference; lastKnownFileType = sourcecode.swift; path = DelegateViewController.swift; sourceTree = "<group>"; };
		240BB29422E34F8800F42A66 /* ObservableViewController.swift */ = {isa = PBXFileReference; lastKnownFileType = sourcecode.swift; path = ObservableViewController.swift; sourceTree = "<group>"; };
		24C7E13A22DF799B006B3B4B /* Nextgen1.app */ = {isa = PBXFileReference; explicitFileType = wrapper.application; includeInIndex = 0; path = Nextgen1.app; sourceTree = BUILT_PRODUCTS_DIR; };
		24C7E13D22DF799B006B3B4B /* AppDelegate.swift */ = {isa = PBXFileReference; lastKnownFileType = sourcecode.swift; path = AppDelegate.swift; sourceTree = "<group>"; };
		24C7E13F22DF799B006B3B4B /* ViewController.swift */ = {isa = PBXFileReference; lastKnownFileType = sourcecode.swift; path = ViewController.swift; sourceTree = "<group>"; };
		24C7E14222DF799B006B3B4B /* Base */ = {isa = PBXFileReference; lastKnownFileType = file.storyboard; name = Base; path = Base.lproj/Main.storyboard; sourceTree = "<group>"; };
		24C7E14422DF799D006B3B4B /* Assets.xcassets */ = {isa = PBXFileReference; lastKnownFileType = folder.assetcatalog; path = Assets.xcassets; sourceTree = "<group>"; };
		24C7E14722DF799D006B3B4B /* Base */ = {isa = PBXFileReference; lastKnownFileType = file.storyboard; name = Base; path = Base.lproj/LaunchScreen.storyboard; sourceTree = "<group>"; };
		24C7E14922DF799D006B3B4B /* Info.plist */ = {isa = PBXFileReference; lastKnownFileType = text.plist.xml; path = Info.plist; sourceTree = "<group>"; };
		24C7E15222DF7F55006B3B4B /* Constants.swift */ = {isa = PBXFileReference; lastKnownFileType = sourcecode.swift; path = Constants.swift; sourceTree = "<group>"; };
		24F57FAA22E13FAC00FCF55C /* CategoryCore.xcdatamodel */ = {isa = PBXFileReference; lastKnownFileType = wrapper.xcdatamodel; path = CategoryCore.xcdatamodel; sourceTree = "<group>"; };
		24FA659E22E76589008AA8AD /* response.json */ = {isa = PBXFileReference; fileEncoding = 4; lastKnownFileType = text.json; path = response.json; sourceTree = "<group>"; };
		2F9C716552C9F2AA0D89823D /* Pods_Nextgen1.framework */ = {isa = PBXFileReference; explicitFileType = wrapper.framework; includeInIndex = 0; path = Pods_Nextgen1.framework; sourceTree = BUILT_PRODUCTS_DIR; };
		9D3E31ABCE06BF3D7613A100 /* Pods-Nextgen1.debug.xcconfig */ = {isa = PBXFileReference; includeInIndex = 1; lastKnownFileType = text.xcconfig; name = "Pods-Nextgen1.debug.xcconfig"; path = "Target Support Files/Pods-Nextgen1/Pods-Nextgen1.debug.xcconfig"; sourceTree = "<group>"; };
/* End PBXFileReference section */

/* Begin PBXFrameworksBuildPhase section */
		24C7E13722DF799B006B3B4B /* Frameworks */ = {
			isa = PBXFrameworksBuildPhase;
			buildActionMask = 2147483647;
			files = (
				8DD14D32208EA5D31B0D16AE /* Pods_Nextgen1.framework in Frameworks */,
			);
			runOnlyForDeploymentPostprocessing = 0;
		};
/* End PBXFrameworksBuildPhase section */

/* Begin PBXGroup section */
		18F91B1D883E909DFD018DB7 /* Frameworks */ = {
			isa = PBXGroup;
			children = (
				2F9C716552C9F2AA0D89823D /* Pods_Nextgen1.framework */,
			);
			name = Frameworks;
			sourceTree = "<group>";
		};
		240BB29222E34F2300F42A66 /* Delegate */ = {
			isa = PBXGroup;
			children = (
				240BB29022E2B47600F42A66 /* DelegateViewController.swift */,
			);
			path = Delegate;
			sourceTree = "<group>";
		};
		240BB29322E34F2C00F42A66 /* Notifications */ = {
			isa = PBXGroup;
			children = (
				240BB29422E34F8800F42A66 /* ObservableViewController.swift */,
			);
			path = Notifications;
			sourceTree = "<group>";
		};
		24C7E13122DF799B006B3B4B = {
			isa = PBXGroup;
			children = (
				24C7E13C22DF799B006B3B4B /* Nextgen1 */,
				24C7E13B22DF799B006B3B4B /* Products */,
				980DF693FB3A3A1109179425 /* Pods */,
				18F91B1D883E909DFD018DB7 /* Frameworks */,
			);
			sourceTree = "<group>";
		};
		24C7E13B22DF799B006B3B4B /* Products */ = {
			isa = PBXGroup;
			children = (
				24C7E13A22DF799B006B3B4B /* Nextgen1.app */,
			);
			name = Products;
			sourceTree = "<group>";
		};
		24C7E13C22DF799B006B3B4B /* Nextgen1 */ = {
			isa = PBXGroup;
			children = (
				24FA659D22E7655F008AA8AD /* JsonFile */,
				24C7E13F22DF799B006B3B4B /* ViewController.swift */,
				240BB29322E34F2C00F42A66 /* Notifications */,
				240BB29222E34F2300F42A66 /* Delegate */,
				24F57FA822E13E7600FCF55C /* CoreData */,
				24C7E14F22DF7F12006B3B4B /* Support Files */,
				24C7E13D22DF799B006B3B4B /* AppDelegate.swift */,
				240BB28E22E2AD2C00F42A66 /* NavigationController.swift */,
				24C7E14122DF799B006B3B4B /* Main.storyboard */,
				24C7E14422DF799D006B3B4B /* Assets.xcassets */,
				24C7E14622DF799D006B3B4B /* LaunchScreen.storyboard */,
				24C7E14922DF799D006B3B4B /* Info.plist */,
			);
			path = Nextgen1;
			sourceTree = "<group>";
		};
		24C7E14F22DF7F12006B3B4B /* Support Files */ = {
			isa = PBXGroup;
			children = (
				24C7E15222DF7F55006B3B4B /* Constants.swift */,
			);
			path = "Support Files";
			sourceTree = "<group>";
		};
		24F57FA822E13E7600FCF55C /* CoreData */ = {
			isa = PBXGroup;
			children = (
				24F57FA922E13FAC00FCF55C /* CategoryCore.xcdatamodeld */,
			);
			path = CoreData;
			sourceTree = "<group>";
		};
		24FA659D22E7655F008AA8AD /* JsonFile */ = {
			isa = PBXGroup;
			children = (
				24FA659E22E76589008AA8AD /* response.json */,
			);
			path = JsonFile;
			sourceTree = "<group>";
		};
		980DF693FB3A3A1109179425 /* Pods */ = {
			isa = PBXGroup;
			children = (
				9D3E31ABCE06BF3D7613A100 /* Pods-Nextgen1.debug.xcconfig */,
				1D423E962E0470E60EDF0636 /* Pods-Nextgen1.release.xcconfig */,
			);
			path = Pods;
			sourceTree = "<group>";
		};
/* End PBXGroup section */

/* Begin PBXNativeTarget section */
		24C7E13922DF799B006B3B4B /* Nextgen1 */ = {
			isa = PBXNativeTarget;
			buildConfigurationList = 24C7E14C22DF799D006B3B4B /* Build configuration list for PBXNativeTarget "Nextgen1" */;
			buildPhases = (
				1CAFE1C1D4EC0D1CC07C2112 /* [CP] Check Pods Manifest.lock */,
				24C7E13622DF799B006B3B4B /* Sources */,
				24C7E13722DF799B006B3B4B /* Frameworks */,
				24C7E13822DF799B006B3B4B /* Resources */,
				7CF6B7D8FEE6AF9166938ED0 /* [CP] Embed Pods Frameworks */,
			);
			buildRules = (
			);
			dependencies = (
			);
			name = Nextgen1;
			productName = Nextgen1;
			productReference = 24C7E13A22DF799B006B3B4B /* Nextgen1.app */;
			productType = "com.apple.product-type.application";
		};
/* End PBXNativeTarget section */

/* Begin PBXProject section */
		24C7E13222DF799B006B3B4B /* Project object */ = {
			isa = PBXProject;
			attributes = {
				LastSwiftUpdateCheck = 1020;
				LastUpgradeCheck = 1020;
				ORGANIZATIONNAME = Cruzze;
				TargetAttributes = {
					24C7E13922DF799B006B3B4B = {
						CreatedOnToolsVersion = 10.2;
					};
				};
			};
			buildConfigurationList = 24C7E13522DF799B006B3B4B /* Build configuration list for PBXProject "Nextgen1" */;
			compatibilityVersion = "Xcode 9.3";
			developmentRegion = en;
			hasScannedForEncodings = 0;
			knownRegions = (
				en,
				Base,
			);
			mainGroup = 24C7E13122DF799B006B3B4B;
			productRefGroup = 24C7E13B22DF799B006B3B4B /* Products */;
			projectDirPath = "";
			projectRoot = "";
			targets = (
				24C7E13922DF799B006B3B4B /* Nextgen1 */,
			);
		};
/* End PBXProject section */

/* Begin PBXResourcesBuildPhase section */
		24C7E13822DF799B006B3B4B /* Resources */ = {
			isa = PBXResourcesBuildPhase;
			buildActionMask = 2147483647;
			files = (
				24FA659F22E76589008AA8AD /* response.json in Resources */,
				24C7E14822DF799D006B3B4B /* LaunchScreen.storyboard in Resources */,
				24C7E14522DF799D006B3B4B /* Assets.xcassets in Resources */,
				24C7E14322DF799B006B3B4B /* Main.storyboard in Resources */,
			);
			runOnlyForDeploymentPostprocessing = 0;
		};
/* End PBXResourcesBuildPhase section */

/* Begin PBXShellScriptBuildPhase section */
		1CAFE1C1D4EC0D1CC07C2112 /* [CP] Check Pods Manifest.lock */ = {
			isa = PBXShellScriptBuildPhase;
			buildActionMask = 2147483647;
			files = (
			);
			inputFileListPaths = (
			);
			inputPaths = (
				"${PODS_PODFILE_DIR_PATH}/Podfile.lock",
				"${PODS_ROOT}/Manifest.lock",
			);
			name = "[CP] Check Pods Manifest.lock";
			outputFileListPaths = (
			);
			outputPaths = (
				"$(DERIVED_FILE_DIR)/Pods-Nextgen1-checkManifestLockResult.txt",
			);
			runOnlyForDeploymentPostprocessing = 0;
			shellPath = /bin/sh;
			shellScript = "diff \"${PODS_PODFILE_DIR_PATH}/Podfile.lock\" \"${PODS_ROOT}/Manifest.lock\" > /dev/null\nif [ $? != 0 ] ; then\n    # print error to STDERR\n    echo \"error: The sandbox is not in sync with the Podfile.lock. Run 'pod install' or update your CocoaPods installation.\" >&2\n    exit 1\nfi\n# This output is used by Xcode 'outputs' to avoid re-running this script phase.\necho \"SUCCESS\" > \"${SCRIPT_OUTPUT_FILE_0}\"\n";
			showEnvVarsInLog = 0;
		};
		7CF6B7D8FEE6AF9166938ED0 /* [CP] Embed Pods Frameworks */ = {
			isa = PBXShellScriptBuildPhase;
			buildActionMask = 2147483647;
			files = (
			);
			inputFileListPaths = (
			);
			inputPaths = (
				"${PODS_ROOT}/Target Support Files/Pods-Nextgen1/Pods-Nextgen1-frameworks.sh",
				"${BUILT_PRODUCTS_DIR}/Alamofire/Alamofire.framework",
				"${BUILT_PRODUCTS_DIR}/AlamofireImage/AlamofireImage.framework",
				"${BUILT_PRODUCTS_DIR}/MBProgressHUD/MBProgressHUD.framework",
				"${BUILT_PRODUCTS_DIR}/SDWebImage/SDWebImage.framework",
				"${BUILT_PRODUCTS_DIR}/SwiftyJSON/SwiftyJSON.framework",
			);
			name = "[CP] Embed Pods Frameworks";
			outputFileListPaths = (
			);
			outputPaths = (
				"${TARGET_BUILD_DIR}/${FRAMEWORKS_FOLDER_PATH}/Alamofire.framework",
				"${TARGET_BUILD_DIR}/${FRAMEWORKS_FOLDER_PATH}/AlamofireImage.framework",
				"${TARGET_BUILD_DIR}/${FRAMEWORKS_FOLDER_PATH}/MBProgressHUD.framework",
				"${TARGET_BUILD_DIR}/${FRAMEWORKS_FOLDER_PATH}/SDWebImage.framework",
				"${TARGET_BUILD_DIR}/${FRAMEWORKS_FOLDER_PATH}/SwiftyJSON.framework",
			);
			runOnlyForDeploymentPostprocessing = 0;
			shellPath = /bin/sh;
			shellScript = "\"${PODS_ROOT}/Target Support Files/Pods-Nextgen1/Pods-Nextgen1-frameworks.sh\"\n";
			showEnvVarsInLog = 0;
		};
/* End PBXShellScriptBuildPhase section */

/* Begin PBXSourcesBuildPhase section */
		24C7E13622DF799B006B3B4B /* Sources */ = {
			isa = PBXSourcesBuildPhase;
			buildActionMask = 2147483647;
			files = (
				24F57FAB22E13FAC00FCF55C /* CategoryCore.xcdatamodeld in Sources */,
				240BB29522E34F8800F42A66 /* ObservableViewController.swift in Sources */,
				24C7E14022DF799B006B3B4B /* ViewController.swift in Sources */,
				240BB28F22E2AD2C00F42A66 /* NavigationController.swift in Sources */,
				24C7E13E22DF799B006B3B4B /* AppDelegate.swift in Sources */,
				24C7E15322DF7F55006B3B4B /* Constants.swift in Sources */,
				240BB29122E2B47600F42A66 /* DelegateViewController.swift in Sources */,
			);
			runOnlyForDeploymentPostprocessing = 0;
		};
/* End PBXSourcesBuildPhase section */

/* Begin PBXVariantGroup section */
		24C7E14122DF799B006B3B4B /* Main.storyboard */ = {
			isa = PBXVariantGroup;
			children = (
				24C7E14222DF799B006B3B4B /* Base */,
			);
			name = Main.storyboard;
			sourceTree = "<group>";
		};
		24C7E14622DF799D006B3B4B /* LaunchScreen.storyboard */ = {
			isa = PBXVariantGroup;
			children = (
				24C7E14722DF799D006B3B4B /* Base */,
			);
			name = LaunchScreen.storyboard;
			sourceTree = "<group>";
		};
/* End PBXVariantGroup section */

/* Begin XCBuildConfiguration section */
		24C7E14A22DF799D006B3B4B /* Debug */ = {
			isa = XCBuildConfiguration;
			buildSettings = {
				ALWAYS_SEARCH_USER_PATHS = NO;
				CLANG_ANALYZER_NONNULL = YES;
				CLANG_ANALYZER_NUMBER_OBJECT_CONVERSION = YES_AGGRESSIVE;
				CLANG_CXX_LANGUAGE_STANDARD = "gnu++14";
				CLANG_CXX_LIBRARY = "libc++";
				CLANG_ENABLE_MODULES = YES;
				CLANG_ENABLE_OBJC_ARC = YES;
				CLANG_ENABLE_OBJC_WEAK = YES;
				CLANG_WARN_BLOCK_CAPTURE_AUTORELEASING = YES;
				CLANG_WARN_BOOL_CONVERSION = YES;
				CLANG_WARN_COMMA = YES;
				CLANG_WARN_CONSTANT_CONVERSION = YES;
				CLANG_WARN_DEPRECATED_OBJC_IMPLEMENTATIONS = YES;
				CLANG_WARN_DIRECT_OBJC_ISA_USAGE = YES_ERROR;
				CLANG_WARN_DOCUMENTATION_COMMENTS = YES;
				CLANG_WARN_EMPTY_BODY = YES;
				CLANG_WARN_ENUM_CONVERSION = YES;
				CLANG_WARN_INFINITE_RECURSION = YES;
				CLANG_WARN_INT_CONVERSION = YES;
				CLANG_WARN_NON_LITERAL_NULL_CONVERSION = YES;
				CLANG_WARN_OBJC_IMPLICIT_RETAIN_SELF = YES;
				CLANG_WARN_OBJC_LITERAL_CONVERSION = YES;
				CLANG_WARN_OBJC_ROOT_CLASS = YES_ERROR;
				CLANG_WARN_RANGE_LOOP_ANALYSIS = YES;
				CLANG_WARN_STRICT_PROTOTYPES = YES;
				CLANG_WARN_SUSPICIOUS_MOVE = YES;
				CLANG_WARN_UNGUARDED_AVAILABILITY = YES_AGGRESSIVE;
				CLANG_WARN_UNREACHABLE_CODE = YES;
				CLANG_WARN__DUPLICATE_METHOD_MATCH = YES;
				CODE_SIGN_IDENTITY = "iPhone Developer";
				COPY_PHASE_STRIP = NO;
				DEBUG_INFORMATION_FORMAT = dwarf;
				ENABLE_STRICT_OBJC_MSGSEND = YES;
				ENABLE_TESTABILITY = YES;
				GCC_C_LANGUAGE_STANDARD = gnu11;
				GCC_DYNAMIC_NO_PIC = NO;
				GCC_NO_COMMON_BLOCKS = YES;
				GCC_OPTIMIZATION_LEVEL = 0;
				GCC_PREPROCESSOR_DEFINITIONS = (
					"DEBUG=1",
					"$(inherited)",
				);
				GCC_WARN_64_TO_32_BIT_CONVERSION = YES;
				GCC_WARN_ABOUT_RETURN_TYPE = YES_ERROR;
				GCC_WARN_UNDECLARED_SELECTOR = YES;
				GCC_WARN_UNINITIALIZED_AUTOS = YES_AGGRESSIVE;
				GCC_WARN_UNUSED_FUNCTION = YES;
				GCC_WARN_UNUSED_VARIABLE = YES;
				IPHONEOS_DEPLOYMENT_TARGET = 12.2;
				MTL_ENABLE_DEBUG_INFO = INCLUDE_SOURCE;
				MTL_FAST_MATH = YES;
				ONLY_ACTIVE_ARCH = YES;
				SDKROOT = iphoneos;
				SWIFT_ACTIVE_COMPILATION_CONDITIONS = DEBUG;
				SWIFT_OPTIMIZATION_LEVEL = "-Onone";
			};
			name = Debug;
		};
		24C7E14B22DF799D006B3B4B /* Release */ = {
			isa = XCBuildConfiguration;
			buildSettings = {
				ALWAYS_SEARCH_USER_PATHS = NO;
				CLANG_ANALYZER_NONNULL = YES;
				CLANG_ANALYZER_NUMBER_OBJECT_CONVERSION = YES_AGGRESSIVE;
				CLANG_CXX_LANGUAGE_STANDARD = "gnu++14";
				CLANG_CXX_LIBRARY = "libc++";
				CLANG_ENABLE_MODULES = YES;
				CLANG_ENABLE_OBJC_ARC = YES;
				CLANG_ENABLE_OBJC_WEAK = YES;
				CLANG_WARN_BLOCK_CAPTURE_AUTORELEASING = YES;
				CLANG_WARN_BOOL_CONVERSION = YES;
				CLANG_WARN_COMMA = YES;
				CLANG_WARN_CONSTANT_CONVERSION = YES;
				CLANG_WARN_DEPRECATED_OBJC_IMPLEMENTATIONS = YES;
				CLANG_WARN_DIRECT_OBJC_ISA_USAGE = YES_ERROR;
				CLANG_WARN_DOCUMENTATION_COMMENTS = YES;
				CLANG_WARN_EMPTY_BODY = YES;
				CLANG_WARN_ENUM_CONVERSION = YES;
				CLANG_WARN_INFINITE_RECURSION = YES;
				CLANG_WARN_INT_CONVERSION = YES;
				CLANG_WARN_NON_LITERAL_NULL_CONVERSION = YES;
				CLANG_WARN_OBJC_IMPLICIT_RETAIN_SELF = YES;
				CLANG_WARN_OBJC_LITERAL_CONVERSION = YES;
				CLANG_WARN_OBJC_ROOT_CLASS = YES_ERROR;
				CLANG_WARN_RANGE_LOOP_ANALYSIS = YES;
				CLANG_WARN_STRICT_PROTOTYPES = YES;
				CLANG_WARN_SUSPICIOUS_MOVE = YES;
				CLANG_WARN_UNGUARDED_AVAILABILITY = YES_AGGRESSIVE;
				CLANG_WARN_UNREACHABLE_CODE = YES;
				CLANG_WARN__DUPLICATE_METHOD_MATCH = YES;
				CODE_SIGN_IDENTITY = "iPhone Developer";
				COPY_PHASE_STRIP = NO;
				DEBUG_INFORMATION_FORMAT = "dwarf-with-dsym";
				ENABLE_NS_ASSERTIONS = NO;
				ENABLE_STRICT_OBJC_MSGSEND = YES;
				GCC_C_LANGUAGE_STANDARD = gnu11;
				GCC_NO_COMMON_BLOCKS = YES;
				GCC_WARN_64_TO_32_BIT_CONVERSION = YES;
				GCC_WARN_ABOUT_RETURN_TYPE = YES_ERROR;
				GCC_WARN_UNDECLARED_SELECTOR = YES;
				GCC_WARN_UNINITIALIZED_AUTOS = YES_AGGRESSIVE;
				GCC_WARN_UNUSED_FUNCTION = YES;
				GCC_WARN_UNUSED_VARIABLE = YES;
				IPHONEOS_DEPLOYMENT_TARGET = 12.2;
				MTL_ENABLE_DEBUG_INFO = NO;
				MTL_FAST_MATH = YES;
				SDKROOT = iphoneos;
				SWIFT_COMPILATION_MODE = wholemodule;
				SWIFT_OPTIMIZATION_LEVEL = "-O";
				VALIDATE_PRODUCT = YES;
			};
			name = Release;
		};
		24C7E14D22DF799D006B3B4B /* Debug */ = {
			isa = XCBuildConfiguration;
			baseConfigurationReference = 9D3E31ABCE06BF3D7613A100 /* Pods-Nextgen1.debug.xcconfig */;
			buildSettings = {
				ASSETCATALOG_COMPILER_APPICON_NAME = AppIcon;
				CODE_SIGN_STYLE = Automatic;
				DEVELOPMENT_TEAM = 35Z7QL2TTY;
				INFOPLIST_FILE = Nextgen1/Info.plist;
				IPHONEOS_DEPLOYMENT_TARGET = 12.2;
				LD_RUNPATH_SEARCH_PATHS = (
					"$(inherited)",
					"@executable_path/Frameworks",
				);
				PRODUCT_BUNDLE_IDENTIFIER = com.Nextgen1;
				PRODUCT_NAME = "$(TARGET_NAME)";
				SWIFT_VERSION = 5.0;
				TARGETED_DEVICE_FAMILY = "1,2";
			};
			name = Debug;
		};
		24C7E14E22DF799D006B3B4B /* Release */ = {
			isa = XCBuildConfiguration;
			baseConfigurationReference = 1D423E962E0470E60EDF0636 /* Pods-Nextgen1.release.xcconfig */;
			buildSettings = {
				ASSETCATALOG_COMPILER_APPICON_NAME = AppIcon;
				CODE_SIGN_STYLE = Automatic;
				DEVELOPMENT_TEAM = 35Z7QL2TTY;
				INFOPLIST_FILE = Nextgen1/Info.plist;
				IPHONEOS_DEPLOYMENT_TARGET = 12.2;
				LD_RUNPATH_SEARCH_PATHS = (
					"$(inherited)",
					"@executable_path/Frameworks",
				);
				PRODUCT_BUNDLE_IDENTIFIER = com.Nextgen1;
				PRODUCT_NAME = "$(TARGET_NAME)";
				SWIFT_VERSION = 5.0;
				TARGETED_DEVICE_FAMILY = "1,2";
			};
			name = Release;
		};
/* End XCBuildConfiguration section */

/* Begin XCConfigurationList section */
		24C7E13522DF799B006B3B4B /* Build configuration list for PBXProject "Nextgen1" */ = {
			isa = XCConfigurationList;
			buildConfigurations = (
				24C7E14A22DF799D006B3B4B /* Debug */,
				24C7E14B22DF799D006B3B4B /* Release */,
			);
			defaultConfigurationIsVisible = 0;
			defaultConfigurationName = Release;
		};
		24C7E14C22DF799D006B3B4B /* Build configuration list for PBXNativeTarget "Nextgen1" */ = {
			isa = XCConfigurationList;
			buildConfigurations = (
				24C7E14D22DF799D006B3B4B /* Debug */,
				24C7E14E22DF799D006B3B4B /* Release */,
			);
			defaultConfigurationIsVisible = 0;
			defaultConfigurationName = Release;
		};
/* End XCConfigurationList section */

/* Begin XCVersionGroup section */
		24F57FA922E13FAC00FCF55C /* CategoryCore.xcdatamodeld */ = {
			isa = XCVersionGroup;
			children = (
				24F57FAA22E13FAC00FCF55C /* CategoryCore.xcdatamodel */,
			);
			currentVersion = 24F57FAA22E13FAC00FCF55C /* CategoryCore.xcdatamodel */;
			path = CategoryCore.xcdatamodeld;
			sourceTree = "<group>";
			versionGroupType = wrapper.xcdatamodel;
		};
/* End XCVersionGroup section */
	};
	rootObject = 24C7E13222DF799B006B3B4B /* Project object */;
}
